
Microsoft Visual Studio Solution File, Format Version 12.00
# Visual Studio 14
VisualStudioVersion = 14.0.25420.1
MinimumVisualStudioVersion = 10.0.40219.1
Project("{FAE04EC0-301F-11D3-BF4B-00C04F79EFBC}") = "POC_VSTS_Deployment", "POC_VSTS_Deployment\POC_VSTS_Deployment.btproj", "{C81991D2-B94A-4795-A063-106E65EA9F33}"
EndProject
Project("{8727FEA9-91DB-4FB1-952D-E73D021F4F57}") = "BizTalkServerApplication_Project", "BizTalkServerApplication_Project\BizTalkServerApplication_Project.btaproj", "{850E8C4C-5C4A-44BB-B199-29F9ABFD8624}"
EndProject
Project("{FAE04EC0-301F-11D3-BF4B-00C04F79EFBC}") = "UnitTestProject1", "UnitTestProject1\UnitTestProject1.csproj", "{5B4C5D04-6C40-40CC-9863-DFDE2B320AEE}"
EndProject
Project("{2150E333-8FDC-42A3-9474-1A3956D46DE8}") = "Deployment", "Deployment", "{FFBAF543-4993-470E-AA5B-1D30E109D7DB}"
	ProjectSection(SolutionItems) = preProject
		Deployment\Deployment.btdfproj = Deployment\Deployment.btdfproj
		Deployment\InstallWizard.xml = Deployment\InstallWizard.xml
		Deployment\License.rtf = Deployment\License.rtf
		Deployment\PortBindingsMaster.xml = Deployment\PortBindingsMaster.xml
		Deployment\SettingsFileGenerator.xml = Deployment\SettingsFileGenerator.xml
		Deployment\UnInstallWizard.xml = Deployment\UnInstallWizard.xml
	EndProjectSection
EndProject
Global
	GlobalSection(SolutionConfigurationPlatforms) = preSolution
		Debug|Any CPU = Debug|Any CPU
		Release|Any CPU = Release|Any CPU
	EndGlobalSection
	GlobalSection(ProjectConfigurationPlatforms) = postSolution
		{C81991D2-B94A-4795-A063-106E65EA9F33}.Debug|Any CPU.ActiveCfg = Debug|Any CPU
		{C81991D2-B94A-4795-A063-106E65EA9F33}.Debug|Any CPU.Build.0 = Debug|Any CPU
		{C81991D2-B94A-4795-A063-106E65EA9F33}.Debug|Any CPU.Deploy.0 = Debug|Any CPU
		{C81991D2-B94A-4795-A063-106E65EA9F33}.Release|Any CPU.ActiveCfg = Release|Any CPU
		{C81991D2-B94A-4795-A063-106E65EA9F33}.Release|Any CPU.Build.0 = Release|Any CPU
		{C81991D2-B94A-4795-A063-106E65EA9F33}.Release|Any CPU.Deploy.0 = Release|Any CPU
		{850E8C4C-5C4A-44BB-B199-29F9ABFD8624}.Debug|Any CPU.ActiveCfg = Debug|Any CPU
		{850E8C4C-5C4A-44BB-B199-29F9ABFD8624}.Debug|Any CPU.Build.0 = Debug|Any CPU
		{850E8C4C-5C4A-44BB-B199-29F9ABFD8624}.Release|Any CPU.ActiveCfg = Release|Any CPU
		{850E8C4C-5C4A-44BB-B199-29F9ABFD8624}.Release|Any CPU.Build.0 = Release|Any CPU
		{5B4C5D04-6C40-40CC-9863-DFDE2B320AEE}.Debug|Any CPU.ActiveCfg = Debug|Any CPU
		{5B4C5D04-6C40-40CC-9863-DFDE2B320AEE}.Debug|Any CPU.Build.0 = Debug|Any CPU
		{5B4C5D04-6C40-40CC-9863-DFDE2B320AEE}.Release|Any CPU.ActiveCfg = Release|Any CPU
		{5B4C5D04-6C40-40CC-9863-DFDE2B320AEE}.Release|Any CPU.Build.0 = Release|Any CPU
	EndGlobalSection
	GlobalSection(SolutionProperties) = preSolution
		HideSolutionNode = FALSE
	EndGlobalSection
EndGlobal
